
Microsoft Visual Studio Solution File, Format Version 12.00
# Visual Studio 15
VisualStudioVersion = 15.0.26730.12
MinimumVisualStudioVersion = 10.0.40219.1
Project("{F184B08F-C81C-45F6-A57F-5ABD9991F28F}") = "Fitproject", "Fitproject\Fitproject.vbproj", "{B7950E97-F456-425E-83F3-4D96E6DEDB9A}"
EndProject
Global
	GlobalSection(SolutionConfigurationPlatforms) = preSolution
		Debug|Any CPU = Debug|Any CPU
		Release|Any CPU = Release|Any CPU
	EndGlobalSection
	GlobalSection(ProjectConfigurationPlatforms) = postSolution
		{B7950E97-F456-425E-83F3-4D96E6DEDB9A}.Debug|Any CPU.ActiveCfg = Debug|Any CPU
		{B7950E97-F456-425E-83F3-4D96E6DEDB9A}.Debug|Any CPU.Build.0 = Debug|Any CPU
		{B7950E97-F456-425E-83F3-4D96E6DEDB9A}.Release|Any CPU.ActiveCfg = Release|Any CPU
		{B7950E97-F456-425E-83F3-4D96E6DEDB9A}.Release|Any CPU.Build.0 = Release|Any CPU
	EndGlobalSection
	GlobalSection(SolutionProperties) = preSolution
		HideSolutionNode = FALSE
	EndGlobalSection
	GlobalSection(ExtensibilityGlobals) = postSolution
		SolutionGuid = {8FD5BE1D-21F5-4726-8CDA-C4FDD388EBDD}
	EndGlobalSection
EndGlobal
